# THIS IS AN AUTOGENERATED FILE. DO NOT EDIT THIS FILE DIRECTLY.
# yarn lockfile v1


"@csstools/normalize.css@12.1.1":
  version "12.1.1"
  resolved "https://registry.yarnpkg.com/@csstools/normalize.css/-/normalize.css-12.1.1.tgz#f0ad221b7280f3fc814689786fd9ee092776ef8f"
  integrity sha512-YAYeJ+Xqh7fUou1d1j9XHl44BmsuThiTr4iNrgCQ3J27IbhXsxXDGZ1cXv8Qvs99d4rBbLiSKy3+WZiet32PcQ==

"@nodelib/fs.scandir@2.1.5":
  version "2.1.5"
  resolved "https://registry.yarnpkg.com/@nodelib/fs.scandir/-/fs.scandir-2.1.5.tgz#7619c2eb21b25483f6d167548b4cfd5a7488c3d5"
  integrity sha512-vq24Bq3ym5HEQm2NKCr3yXDwjc7vTsEThRDnkp2DK9p1uqLR+DHurm/NOTo0KG7HYHU7eppKZj3MyqYuMBf62g==
  dependencies:
    "@nodelib/fs.stat" "2.0.5"
    run-parallel "^1.1.9"

"@nodelib/fs.stat@2.0.5", "@nodelib/fs.stat@^2.0.2":
  version "2.0.5"
  resolved "https://registry.yarnpkg.com/@nodelib/fs.stat/-/fs.stat-2.0.5.tgz#5bd262af94e9d25bd1e71b05deed44876a222e8b"
  integrity sha512-RkhPPp2zrqDAQA/2jNhnztcPAlv64XdhIp7a7454A5ovI7Bukxgt7MX7udwAu3zg1DcpPU0rz3VV1SeaqvY4+A==

"@nodelib/fs.walk@^1.2.3":
  version "1.2.8"
  resolved "https://registry.yarnpkg.com/@nodelib/fs.walk/-/fs.walk-1.2.8.tgz#e95737e8bb6746ddedf69c556953494f196fe69a"
  integrity sha512-oGB+UxlgWcgQkgwo8GcEGwemoTFt3FIO9ababBmaGwXIoBKZ+GTy0pP185beGg7Llih/NSHSV2XAs1lnznocSg==
  dependencies:
    "@nodelib/fs.scandir" "2.1.5"
    fastq "^1.6.0"

"@parcel/watcher-android-arm64@2.4.1":
  version "2.4.1"
  resolved "https://registry.yarnpkg.com/@parcel/watcher-android-arm64/-/watcher-android-arm64-2.4.1.tgz#c2c19a3c442313ff007d2d7a9c2c1dd3e1c9ca84"
  integrity sha512-LOi/WTbbh3aTn2RYddrO8pnapixAziFl6SMxHM69r3tvdSm94JtCenaKgk1GRg5FJ5wpMCpHeW+7yqPlvZv7kg==

"@parcel/watcher-darwin-arm64@2.4.1":
  version "2.4.1"
  resolved "https://registry.yarnpkg.com/@parcel/watcher-darwin-arm64/-/watcher-darwin-arm64-2.4.1.tgz#c817c7a3b4f3a79c1535bfe54a1c2818d9ffdc34"
  integrity sha512-ln41eihm5YXIY043vBrrHfn94SIBlqOWmoROhsMVTSXGh0QahKGy77tfEywQ7v3NywyxBBkGIfrWRHm0hsKtzA==

"@parcel/watcher-darwin-x64@2.4.1":
  version "2.4.1"
  resolved "https://registry.yarnpkg.com/@parcel/watcher-darwin-x64/-/watcher-darwin-x64-2.4.1.tgz#1a3f69d9323eae4f1c61a5f480a59c478d2cb020"
  integrity sha512-yrw81BRLjjtHyDu7J61oPuSoeYWR3lDElcPGJyOvIXmor6DEo7/G2u1o7I38cwlcoBHQFULqF6nesIX3tsEXMg==

"@parcel/watcher-freebsd-x64@2.4.1":
  version "2.4.1"
  resolved "https://registry.yarnpkg.com/@parcel/watcher-freebsd-x64/-/watcher-freebsd-x64-2.4.1.tgz#0d67fef1609f90ba6a8a662bc76a55fc93706fc8"
  integrity sha512-TJa3Pex/gX3CWIx/Co8k+ykNdDCLx+TuZj3f3h7eOjgpdKM+Mnix37RYsYU4LHhiYJz3DK5nFCCra81p6g050w==

"@parcel/watcher-linux-arm-glibc@2.4.1":
  version "2.4.1"
  resolved "https://registry.yarnpkg.com/@parcel/watcher-linux-arm-glibc/-/watcher-linux-arm-glibc-2.4.1.tgz#ce5b340da5829b8e546bd00f752ae5292e1c702d"
  integrity sha512-4rVYDlsMEYfa537BRXxJ5UF4ddNwnr2/1O4MHM5PjI9cvV2qymvhwZSFgXqbS8YoTk5i/JR0L0JDs69BUn45YA==

"@parcel/watcher-linux-arm64-glibc@2.4.1":
  version "2.4.1"
  resolved "https://registry.yarnpkg.com/@parcel/watcher-linux-arm64-glibc/-/watcher-linux-arm64-glibc-2.4.1.tgz#6d7c00dde6d40608f9554e73998db11b2b1ff7c7"
  integrity sha512-BJ7mH985OADVLpbrzCLgrJ3TOpiZggE9FMblfO65PlOCdG++xJpKUJ0Aol74ZUIYfb8WsRlUdgrZxKkz3zXWYA==

"@parcel/watcher-linux-arm64-musl@2.4.1":
  version "2.4.1"
  resolved "https://registry.yarnpkg.com/@parcel/watcher-linux-arm64-musl/-/watcher-linux-arm64-musl-2.4.1.tgz#bd39bc71015f08a4a31a47cd89c236b9d6a7f635"
  integrity sha512-p4Xb7JGq3MLgAfYhslU2SjoV9G0kI0Xry0kuxeG/41UfpjHGOhv7UoUDAz/jb1u2elbhazy4rRBL8PegPJFBhA==

"@parcel/watcher-linux-x64-glibc@2.4.1":
  version "2.4.1"
  resolved "https://registry.yarnpkg.com/@parcel/watcher-linux-x64-glibc/-/watcher-linux-x64-glibc-2.4.1.tgz#0ce29966b082fb6cdd3de44f2f74057eef2c9e39"
  integrity sha512-s9O3fByZ/2pyYDPoLM6zt92yu6P4E39a03zvO0qCHOTjxmt3GHRMLuRZEWhWLASTMSrrnVNWdVI/+pUElJBBBg==

"@parcel/watcher-linux-x64-musl@2.4.1":
  version "2.4.1"
  resolved "https://registry.yarnpkg.com/@parcel/watcher-linux-x64-musl/-/watcher-linux-x64-musl-2.4.1.tgz#d2ebbf60e407170bb647cd6e447f4f2bab19ad16"
  integrity sha512-L2nZTYR1myLNST0O632g0Dx9LyMNHrn6TOt76sYxWLdff3cB22/GZX2UPtJnaqQPdCRoszoY5rcOj4oMTtp5fQ==

"@parcel/watcher-win32-arm64@2.4.1":
  version "2.4.1"
  resolved "https://registry.yarnpkg.com/@parcel/watcher-win32-arm64/-/watcher-win32-arm64-2.4.1.tgz#eb4deef37e80f0b5e2f215dd6d7a6d40a85f8adc"
  integrity sha512-Uq2BPp5GWhrq/lcuItCHoqxjULU1QYEcyjSO5jqqOK8RNFDBQnenMMx4gAl3v8GiWa59E9+uDM7yZ6LxwUIfRg==

"@parcel/watcher-win32-ia32@2.4.1":
  version "2.4.1"
  resolved "https://registry.yarnpkg.com/@parcel/watcher-win32-ia32/-/watcher-win32-ia32-2.4.1.tgz#94fbd4b497be39fd5c8c71ba05436927842c9df7"
  integrity sha512-maNRit5QQV2kgHFSYwftmPBxiuK5u4DXjbXx7q6eKjq5dsLXZ4FJiVvlcw35QXzk0KrUecJmuVFbj4uV9oYrcw==

"@parcel/watcher-win32-x64@2.4.1":
  version "2.4.1"
  resolved "https://registry.yarnpkg.com/@parcel/watcher-win32-x64/-/watcher-win32-x64-2.4.1.tgz#4bf920912f67cae5f2d264f58df81abfea68dadf"
  integrity sha512-+DvS92F9ezicfswqrvIRM2njcYJbd5mb9CUgtrHCHmvn7pPPa+nMDRu1o1bYYz/l5IB2NVGNJWiH7h1E58IF2A==

"@parcel/watcher@^2.4.1":
  version "2.4.1"
  resolved "https://registry.yarnpkg.com/@parcel/watcher/-/watcher-2.4.1.tgz#a50275151a1bb110879c6123589dba90c19f1bf8"
  integrity sha512-HNjmfLQEVRZmHRET336f20H/8kOozUGwk7yajvsonjNxbj2wBTK1WsQuHkD5yYh9RxFGL2EyDHryOihOwUoKDA==
  dependencies:
    detect-libc "^1.0.3"
    is-glob "^4.0.3"
    micromatch "^4.0.5"
    node-addon-api "^7.0.0"
  optionalDependencies:
    "@parcel/watcher-android-arm64" "2.4.1"
    "@parcel/watcher-darwin-arm64" "2.4.1"
    "@parcel/watcher-darwin-x64" "2.4.1"
    "@parcel/watcher-freebsd-x64" "2.4.1"
    "@parcel/watcher-linux-arm-glibc" "2.4.1"
    "@parcel/watcher-linux-arm64-glibc" "2.4.1"
    "@parcel/watcher-linux-arm64-musl" "2.4.1"
    "@parcel/watcher-linux-x64-glibc" "2.4.1"
    "@parcel/watcher-linux-x64-musl" "2.4.1"
    "@parcel/watcher-win32-arm64" "2.4.1"
    "@parcel/watcher-win32-ia32" "2.4.1"
    "@parcel/watcher-win32-x64" "2.4.1"

"@sindresorhus/merge-streams@^1.0.0":
  version "1.0.0"
  resolved "https://registry.yarnpkg.com/@sindresorhus/merge-streams/-/merge-streams-1.0.0.tgz#9cd84cc15bc865a5ca35fcaae198eb899f7b5c90"
  integrity sha512-rUV5WyJrJLoloD4NDN1V1+LDMDWOa4OTsT4yYJwQNpTU6FWxkxHpL7eu4w+DmiH8x/EAM1otkPE1+LaspIbplw==

ansi-regex@^5.0.1:
  version "5.0.1"
  resolved "https://registry.yarnpkg.com/ansi-regex/-/ansi-regex-5.0.1.tgz#082cb2c89c9fe8659a311a53bd6a4dc5301db304"
  integrity sha512-quJQXlTSUGL2LH9SUXo8VwsY4soanhgo6LNSm84E1LBcE8s3O0wpdiRzyR9z/ZZJMlMWv37qOOb9pdJlMUEKFQ==

ansi-styles@^4.0.0:
  version "4.3.0"
  resolved "https://registry.yarnpkg.com/ansi-styles/-/ansi-styles-4.3.0.tgz#edd803628ae71c04c85ae7a0906edad34b648937"
  integrity sha512-zbB9rCJAT1rbjiVDb2hqKFHNYLxgtk8NURxZ3IZwD3F6NtxbXZQCnnSi1Lkx+IDohdPlFp222wVALIheZJQSEg==
  dependencies:
    color-convert "^2.0.1"

anymatch@~3.1.2:
  version "3.1.2"
  resolved "https://registry.yarnpkg.com/anymatch/-/anymatch-3.1.2.tgz#c0557c096af32f106198f4f4e2a383537e378716"
  integrity sha512-P43ePfOAIupkguHUycrc4qJ9kz8ZiuOUijaETwX7THt0Y/GNK7v0aa8rY816xWjZ7rJdA5XdMcpVFTKMq+RvWg==
  dependencies:
    normalize-path "^3.0.0"
    picomatch "^2.0.4"

autoprefixer@10.4.20:
  version "10.4.20"
  resolved "https://registry.yarnpkg.com/autoprefixer/-/autoprefixer-10.4.20.tgz#5caec14d43976ef42e32dcb4bd62878e96be5b3b"
  integrity sha512-XY25y5xSv/wEoqzDyXXME4AFfkZI0P23z6Fs3YgymDnKJkCGOnkL0iTxCa85UTqaSgfcqyf3UA6+c7wUvx/16g==
  dependencies:
    browserslist "^4.23.3"
    caniuse-lite "^1.0.30001646"
    fraction.js "^4.3.7"
    normalize-range "^0.1.2"
    picocolors "^1.0.1"
    postcss-value-parser "^4.2.0"

binary-extensions@^2.0.0:
  version "2.2.0"
  resolved "https://registry.yarnpkg.com/binary-extensions/-/binary-extensions-2.2.0.tgz#75f502eeaf9ffde42fc98829645be4ea76bd9e2d"
  integrity sha512-jDctJ/IVQbZoJykoeHbhXpOlNBqGNcwXJKJog42E5HDPUwQTSdjCHdihjj0DlnheQ7blbT6dHOafNAiS8ooQKA==

braces@^3.0.3, braces@~3.0.2:
  version "3.0.3"
  resolved "https://registry.yarnpkg.com/braces/-/braces-3.0.3.tgz#490332f40919452272d55a8480adc0c441358789"
  integrity sha512-yQbXgO/OSZVD2IsiLlro+7Hf6Q18EJrKSEsdoMzKePKXct3gvD8oLcOQdIzGupr5Fj+EDe8gO/lxc1BzfMpxvA==
  dependencies:
    fill-range "^7.1.1"

browserslist@4.24.3:
  version "4.24.3"
  resolved "https://registry.yarnpkg.com/browserslist/-/browserslist-4.24.3.tgz#5fc2725ca8fb3c1432e13dac278c7cc103e026d2"
  integrity sha512-1CPmv8iobE2fyRMV97dAcMVegvvWKxmq94hkLiAkUGwKVTyDLw33K+ZxiFrREKmmps4rIw6grcCFCnTMSZ/YiA==
  dependencies:
    caniuse-lite "^1.0.30001688"
    electron-to-chromium "^1.5.73"
    node-releases "^2.0.19"
    update-browserslist-db "^1.1.1"

browserslist@^4.23.3:
  version "4.23.3"
  resolved "https://registry.yarnpkg.com/browserslist/-/browserslist-4.23.3.tgz#debb029d3c93ebc97ffbc8d9cbb03403e227c800"
  integrity sha512-btwCFJVjI4YWDNfau8RhZ+B1Q/VLoUITrm3RlP6y1tYGWIOa+InuYiRGXUBXo8nA1qKmHMyLB/iVQg5TT4eFoA==
  dependencies:
    caniuse-lite "^1.0.30001646"
    electron-to-chromium "^1.5.4"
    node-releases "^2.0.18"
    update-browserslist-db "^1.1.0"

caniuse-lite@^1.0.30001646:
  version "1.0.30001646"
  resolved "https://registry.yarnpkg.com/caniuse-lite/-/caniuse-lite-1.0.30001646.tgz#d472f2882259ba032dd73ee069ff01bfd059b25d"
  integrity sha512-dRg00gudiBDDTmUhClSdv3hqRfpbOnU28IpI1T6PBTLWa+kOj0681C8uML3PifYfREuBrVjDGhL3adYpBT6spw==

caniuse-lite@^1.0.30001688:
  version "1.0.30001690"
  resolved "https://registry.yarnpkg.com/caniuse-lite/-/caniuse-lite-1.0.30001690.tgz#f2d15e3aaf8e18f76b2b8c1481abde063b8104c8"
  integrity sha512-5ExiE3qQN6oF8Clf8ifIDcMRCRE/dMGcETG/XGMD8/XiXm6HXQgQTh1yZYLXXpSOsEUlJm1Xr7kGULZTuGtP/w==

chokidar@^3.3.0:
  version "3.5.3"
  resolved "https://registry.yarnpkg.com/chokidar/-/chokidar-3.5.3.tgz#1cf37c8707b932bd1af1ae22c0432e2acd1903bd"
  integrity sha512-Dr3sfKRP6oTcjf2JmUmFJfeVMvXBdegxB0iVQ5eb2V10uFJUCAS8OByZdVAyVb8xXNz3GjjTgj9kLWsZTqE6kw==
  dependencies:
    anymatch "~3.1.2"
    braces "~3.0.2"
    glob-parent "~5.1.2"
    is-binary-path "~2.1.0"
    is-glob "~4.0.1"
    normalize-path "~3.0.0"
    readdirp "~3.6.0"
  optionalDependencies:
    fsevents "~2.3.2"

chokidar@^4.0.0:
  version "4.0.0"
  resolved "https://registry.yarnpkg.com/chokidar/-/chokidar-4.0.0.tgz#4d603963e5dd762dc5c7bb1cb5664e53a3002225"
  integrity sha512-mxIojEAQcuEvT/lyXq+jf/3cO/KoA6z4CeNDGGevTybECPOMFCnQy3OPahluUkbqgPNGw5Bi78UC7Po6Lhy+NA==
  dependencies:
    readdirp "^4.0.1"

cliui@^7.0.2:
  version "7.0.4"
  resolved "https://registry.yarnpkg.com/cliui/-/cliui-7.0.4.tgz#a0265ee655476fc807aea9df3df8df7783808b4f"
  integrity sha512-OcRE68cOsVMXp1Yvonl/fzkQOyjLSu/8bhPDfQt0e0/Eb283TKP20Fs2MqoPsr9SwA595rRCA+QMzYc9nBP+JQ==
  dependencies:
    string-width "^4.2.0"
    strip-ansi "^6.0.0"
    wrap-ansi "^7.0.0"

color-convert@^2.0.1:
  version "2.0.1"
  resolved "https://registry.yarnpkg.com/color-convert/-/color-convert-2.0.1.tgz#72d3a68d598c9bdb3af2ad1e84f21d896abd4de3"
  integrity sha512-RRECPsj7iu/xb5oKYcsFHSppFNnsj/52OVTRKb4zP5onXwVF3zVmmToNcOfGC+CRDpfK/U584fMg38ZHCaElKQ==
  dependencies:
    color-name "~1.1.4"

color-name@~1.1.4:
  version "1.1.4"
  resolved "https://registry.yarnpkg.com/color-name/-/color-name-1.1.4.tgz#c2a09a87acbde69543de6f63fa3995c826c536a2"
  integrity sha512-dOy+3AuW3a2wNbZHIuMZpTcgjGuLU/uBL/ubcZF9OXbDo8ff4O8yVp5Bf0efS8uEoYo5q4Fx7dY9OgQGXgAsQA==

dependency-graph@^0.11.0:
  version "0.11.0"
  resolved "https://registry.yarnpkg.com/dependency-graph/-/dependency-graph-0.11.0.tgz#ac0ce7ed68a54da22165a85e97a01d53f5eb2e27"
  integrity sha512-JeMq7fEshyepOWDfcfHK06N3MhyPhz++vtqWhMT5O9A3K42rdsEDpfdVqjaqaAhsw6a+ZqeDvQVtD0hFHQWrzg==

detect-libc@^1.0.3:
  version "1.0.3"
  resolved "https://registry.yarnpkg.com/detect-libc/-/detect-libc-1.0.3.tgz#fa137c4bd698edf55cd5cd02ac559f91a4c4ba9b"
  integrity sha512-pGjwhsmsp4kL2RTz08wcOlGN83otlqHeD/Z5T8GXZB+/YcpQ/dgo+lbU8ZsGxV0HIvqqxo9l7mqYwyYMD9bKDg==

electron-to-chromium@^1.5.4:
  version "1.5.4"
  resolved "https://registry.yarnpkg.com/electron-to-chromium/-/electron-to-chromium-1.5.4.tgz#cd477c830dd6fca41fbd5465c1ff6ce08ac22343"
  integrity sha512-orzA81VqLyIGUEA77YkVA1D+N+nNfl2isJVjjmOyrlxuooZ19ynb+dOlaDTqd/idKRS9lDCSBmtzM+kyCsMnkA==

electron-to-chromium@^1.5.73:
  version "1.5.75"
  resolved "https://registry.yarnpkg.com/electron-to-chromium/-/electron-to-chromium-1.5.75.tgz#bba96eabf0e8ca36324679caa38b982800acc87d"
  integrity sha512-Lf3++DumRE/QmweGjU+ZcKqQ+3bKkU/qjaKYhIJKEOhgIO9Xs6IiAQFkfFoj+RhgDk4LUeNsLo6plExHqSyu6Q==

emoji-regex@^8.0.0:
  version "8.0.0"
  resolved "https://registry.yarnpkg.com/emoji-regex/-/emoji-regex-8.0.0.tgz#e818fd69ce5ccfcb404594f842963bf53164cc37"
  integrity sha512-MSjYzcWNOA0ewAHpz0MxpYFvwg6yjy1NG3xteoqz644VCo/RPgnr1/GGt+ic3iJTzQ8Eu3TdM14SawnVUmGE6A==

escalade@^3.1.1:
  version "3.1.1"
  resolved "https://registry.yarnpkg.com/escalade/-/escalade-3.1.1.tgz#d8cfdc7000965c5a0174b4a82eaa5c0552742e40"
  integrity sha512-k0er2gUkLf8O0zKJiAhmkTnJlTvINGv7ygDNPbeIsX/TJjGJZHuh9B2UxbsaEkmlEo9MfhrSzmhIlhRlI2GXnw==

escalade@^3.1.2:
  version "3.1.2"
  resolved "https://registry.yarnpkg.com/escalade/-/escalade-3.1.2.tgz#54076e9ab29ea5bf3d8f1ed62acffbb88272df27"
  integrity sha512-ErCHMCae19vR8vQGe50xIsVomy19rg6gFu3+r3jkEO46suLMWBksvVyoGgQV+jOfl84ZSOSlmv6Gxa89PmTGmA==

escalade@^3.2.0:
  version "3.2.0"
  resolved "https://registry.yarnpkg.com/escalade/-/escalade-3.2.0.tgz#011a3f69856ba189dffa7dc8fcce99d2a87903e5"
  integrity sha512-WUj2qlxaQtO4g6Pq5c29GTcWGDyd8itL8zTlipgECz3JesAiiOKotd8JU6otB3PACgG6xkJUyVhboMS+bje/jA==

fast-glob@^3.3.2:
  version "3.3.2"
  resolved "https://registry.yarnpkg.com/fast-glob/-/fast-glob-3.3.2.tgz#a904501e57cfdd2ffcded45e99a54fef55e46129"
  integrity sha512-oX2ruAFQwf/Orj8m737Y5adxDQO0LAB7/S5MnxCdTNDd4p6BsyIVsv9JQsATbTSq8KHRpLwIHbVlUNatxd+1Ow==
  dependencies:
    "@nodelib/fs.stat" "^2.0.2"
    "@nodelib/fs.walk" "^1.2.3"
    glob-parent "^5.1.2"
    merge2 "^1.3.0"
    micromatch "^4.0.4"

fastq@^1.6.0:
  version "1.13.0"
  resolved "https://registry.yarnpkg.com/fastq/-/fastq-1.13.0.tgz#616760f88a7526bdfc596b7cab8c18938c36b98c"
  integrity sha512-YpkpUnK8od0o1hmeSc7UUs/eB/vIPWJYjKck2QKIzAf71Vm1AAQ3EbuZB3g2JIy+pg+ERD0vqI79KyZiB2e2Nw==
  dependencies:
    reusify "^1.0.4"

fill-range@^7.1.1:
  version "7.1.1"
  resolved "https://registry.yarnpkg.com/fill-range/-/fill-range-7.1.1.tgz#44265d3cac07e3ea7dc247516380643754a05292"
  integrity sha512-YsGpe3WHLK8ZYi4tWDg2Jy3ebRz2rXowDxnld4bkQB00cc/1Zw9AWnC0i9ztDJitivtQvaI9KaLyKrc+hBW0yg==
  dependencies:
    to-regex-range "^5.0.1"

fraction.js@^4.3.7:
  version "4.3.7"
  resolved "https://registry.yarnpkg.com/fraction.js/-/fraction.js-4.3.7.tgz#06ca0085157e42fda7f9e726e79fefc4068840f7"
  integrity sha512-ZsDfxO51wGAXREY55a7la9LScWpwv9RxIrYABrlvOFBlH/ShPnrtsXeuUIfXKKOVicNxQ+o8JTbJvjS4M89yew==

fs-extra@^11.0.0:
  version "11.0.0"
  resolved "https://registry.yarnpkg.com/fs-extra/-/fs-extra-11.0.0.tgz#5c50cf225ab1b16804cabd4249b7e58feb4bdbe7"
  integrity sha512-4YxRvMi4P5C3WQTvdRfrv5UVqbISpqjORFQAW5QPiKAauaxNCwrEdIi6pG3tDFhKKpMen+enEhHIzB/tvIO+/w==
  dependencies:
    graceful-fs "^4.2.0"
    jsonfile "^6.0.1"
    universalify "^2.0.0"

fsevents@~2.3.2:
  version "2.3.2"
  resolved "https://registry.yarnpkg.com/fsevents/-/fsevents-2.3.2.tgz#8a526f78b8fdf4623b709e0b975c52c24c02fd1a"
  integrity sha512-xiqMQR4xAeHTuB9uWm+fFRcIOgKBMiOBP+eXiyT7jsgVCq1bkVygt00oASowB7EdtpOHaaPgKt812P9ab+DDKA==

get-caller-file@^2.0.5:
  version "2.0.5"
  resolved "https://registry.yarnpkg.com/get-caller-file/-/get-caller-file-2.0.5.tgz#4f94412a82db32f36e3b0b9741f8a97feb031f7e"
  integrity sha512-DyFP3BM/3YHTQOCUL/w0OZHR0lpKeGrxotcHWcqNEdnltqFwXVfhEBQ94eIo34AfQpo0rGki4cyIiftY06h2Fg==

get-stdin@^9.0.0:
  version "9.0.0"
  resolved "https://registry.yarnpkg.com/get-stdin/-/get-stdin-9.0.0.tgz#3983ff82e03d56f1b2ea0d3e60325f39d703a575"
  integrity sha512-dVKBjfWisLAicarI2Sf+JuBE/DghV4UzNAVe9yhEJuzeREd3JhOTE9cUaJTeSa77fsbQUK3pcOpJfM59+VKZaA==

glob-parent@^5.1.2, glob-parent@~5.1.2:
  version "5.1.2"
  resolved "https://registry.yarnpkg.com/glob-parent/-/glob-parent-5.1.2.tgz#869832c58034fe68a4093c17dc15e8340d8401c4"
  integrity sha512-AOIgSQCepiJYwP3ARnGx+5VnTu2HBYdzbGP45eLw1vr3zB3vZLeyed1sC9hnbcOc9/SrMyM5RPQrkGz4aS9Zow==
  dependencies:
    is-glob "^4.0.1"

globby@^14.0.0:
  version "14.0.0"
  resolved "https://registry.yarnpkg.com/globby/-/globby-14.0.0.tgz#ea9c062a3614e33f516804e778590fcf055256b9"
  integrity sha512-/1WM/LNHRAOH9lZta77uGbq0dAEQM+XjNesWwhlERDVenqothRbnzTrL3/LrIoEPPjeUHC3vrS6TwoyxeHs7MQ==
  dependencies:
    "@sindresorhus/merge-streams" "^1.0.0"
    fast-glob "^3.3.2"
    ignore "^5.2.4"
    path-type "^5.0.0"
    slash "^5.1.0"
    unicorn-magic "^0.1.0"

graceful-fs@^4.1.6, graceful-fs@^4.2.0:
  version "4.2.10"
  resolved "https://registry.yarnpkg.com/graceful-fs/-/graceful-fs-4.2.10.tgz#147d3a006da4ca3ce14728c7aefc287c367d7a6c"
  integrity sha512-9ByhssR2fPVsNZj478qUUbKfmL0+t5BDVyjShtyZZLiK7ZDAArFFfopyOTj0M05wE2tJPisA4iTnnXl2YoPvOA==

ignore@^5.2.4:
  version "5.3.0"
  resolved "https://registry.yarnpkg.com/ignore/-/ignore-5.3.0.tgz#67418ae40d34d6999c95ff56016759c718c82f78"
  integrity sha512-g7dmpshy+gD7mh88OC9NwSGTKoc3kyLAZQRU1mt53Aw/vnvfXnbC+F/7F7QoYVKbV+KNvJx8wArewKy1vXMtlg==

immutable@^5.0.2:
  version "5.0.2"
  resolved "https://registry.yarnpkg.com/immutable/-/immutable-5.0.2.tgz#bb8a987349a73efbe6b3b292a9cbaf1b530d296b"
  integrity sha512-1NU7hWZDkV7hJ4PJ9dur9gTNQ4ePNPN4k9/0YhwjzykTi/+3Q5pF93YU5QoVj8BuOnhLgaY8gs0U2pj4kSYVcw==

is-binary-path@~2.1.0:
  version "2.1.0"
  resolved "https://registry.yarnpkg.com/is-binary-path/-/is-binary-path-2.1.0.tgz#ea1f7f3b80f064236e83470f86c09c254fb45b09"
  integrity sha512-ZMERYes6pDydyuGidse7OsHxtbI7WVeUEozgR/g7rd0xUimYNlvZRE/K2MgZTjWy725IfelLeVcEM97mmtRGXw==
  dependencies:
    binary-extensions "^2.0.0"

is-extglob@^2.1.1:
  version "2.1.1"
  resolved "https://registry.yarnpkg.com/is-extglob/-/is-extglob-2.1.1.tgz#a88c02535791f02ed37c76a1b9ea9773c833f8c2"
  integrity sha512-SbKbANkN603Vi4jEZv49LeVJMn4yGwsbzZworEoyEiutsN3nJYdbO36zfhGJ6QEDpOZIFkDtnq5JRxmvl3jsoQ==

is-fullwidth-code-point@^3.0.0:
  version "3.0.0"
  resolved "https://registry.yarnpkg.com/is-fullwidth-code-point/-/is-fullwidth-code-point-3.0.0.tgz#f116f8064fe90b3f7844a38997c0b75051269f1d"
  integrity sha512-zymm5+u+sCsSWyD9qNaejV3DFvhCKclKdizYaJUuHA83RLjb7nSuGnddCHGv0hk+KY7BMAlsWeK4Ueg6EV6XQg==

is-glob@^4.0.1, is-glob@^4.0.3, is-glob@~4.0.1:
  version "4.0.3"
  resolved "https://registry.yarnpkg.com/is-glob/-/is-glob-4.0.3.tgz#64f61e42cbbb2eec2071a9dac0b28ba1e65d5084"
  integrity sha512-xelSayHH36ZgE7ZWhli7pW34hNbNl8Ojv5KVmkJD4hBdD3th8Tfk9vYasLM+mXWOZhFkgZfxhLSnrwRr4elSSg==
  dependencies:
    is-extglob "^2.1.1"

is-number@^7.0.0:
  version "7.0.0"
  resolved "https://registry.yarnpkg.com/is-number/-/is-number-7.0.0.tgz#7535345b896734d5f80c4d06c50955527a14f12b"
  integrity sha512-41Cifkg6e8TylSpdtTpeLVMqvSBEVzTttHvERD741+pnZ8ANv0004MRL43QKPDlK9cGvNp6NZWZUBlbGXYxxng==

jsonfile@^6.0.1:
  version "6.1.0"
  resolved "https://registry.yarnpkg.com/jsonfile/-/jsonfile-6.1.0.tgz#bc55b2634793c679ec6403094eb13698a6ec0aae"
  integrity sha512-5dgndWOriYSm5cnYaJNhalLNDKOqFwyDB/rr1E9ZsGciGvKPs8R2xYGCacuf3z6K1YKDz182fd+fY3cn3pMqXQ==
  dependencies:
    universalify "^2.0.0"
  optionalDependencies:
    graceful-fs "^4.1.6"

lilconfig@^3.0.0:
  version "3.0.0"
  resolved "https://registry.yarnpkg.com/lilconfig/-/lilconfig-3.0.0.tgz#f8067feb033b5b74dab4602a5f5029420be749bc"
  integrity sha512-K2U4W2Ff5ibV7j7ydLr+zLAkIg5JJ4lPn1Ltsdt+Tz/IjQ8buJ55pZAxoP34lqIiwtF9iAvtLv3JGv7CAyAg+g==

merge2@^1.3.0:
  version "1.4.1"
  resolved "https://registry.yarnpkg.com/merge2/-/merge2-1.4.1.tgz#4368892f885e907455a6fd7dc55c0c9d404990ae"
  integrity sha512-8q7VEgMJW4J8tcfVPy8g09NcQwZdbwFEqhe/WZkoIzjn/3TGDwtOCYtXGxA3O8tPzpczCCDgv+P2P5y00ZJOOg==

micromatch@^4.0.4, micromatch@^4.0.5:
  version "4.0.8"
  resolved "https://registry.yarnpkg.com/micromatch/-/micromatch-4.0.8.tgz#d66fa18f3a47076789320b9b1af32bd86d9fa202"
  integrity sha512-PXwfBhYu0hBCPw8Dn0E+WDYb7af3dSLVWKi3HGv84IdF4TyFoC0ysxFd0Goxw7nSv4T/PzEJQxsYsEiFCKo2BA==
  dependencies:
    braces "^3.0.3"
    picomatch "^2.3.1"

nanoid@^3.3.7:
  version "3.3.8"
  resolved "https://registry.yarnpkg.com/nanoid/-/nanoid-3.3.8.tgz#b1be3030bee36aaff18bacb375e5cce521684baf"
  integrity sha512-WNLf5Sd8oZxOm+TzppcYk8gVOgP+l58xNy58D0nbUnOxOWRWvlcCV4kUF7ltmI6PsrLl/BgKEyS4mqsGChFN0w==

node-addon-api@^7.0.0:
  version "7.1.1"
  resolved "https://registry.yarnpkg.com/node-addon-api/-/node-addon-api-7.1.1.tgz#1aba6693b0f255258a049d621329329322aad558"
  integrity sha512-5m3bsyrjFWE1xf7nz7YXdN4udnVtXK6/Yfgn5qnahL6bCkf2yKt4k3nuTKAtT4r3IG8JNR2ncsIMdZuAzJjHQQ==

node-releases@^2.0.18:
  version "2.0.18"
  resolved "https://registry.yarnpkg.com/node-releases/-/node-releases-2.0.18.tgz#f010e8d35e2fe8d6b2944f03f70213ecedc4ca3f"
  integrity sha512-d9VeXT4SJ7ZeOqGX6R5EM022wpL+eWPooLI+5UpWn2jCT1aosUQEhQP214x33Wkwx3JQMvIm+tIoVOdodFS40g==

node-releases@^2.0.19:
  version "2.0.19"
  resolved "https://registry.yarnpkg.com/node-releases/-/node-releases-2.0.19.tgz#9e445a52950951ec4d177d843af370b411caf314"
  integrity sha512-xxOWJsBKtzAq7DY0J+DTzuz58K8e7sJbdgwkbMWQe8UYB6ekmsQ45q0M/tJDsGaZmbC+l7n57UV8Hl5tHxO9uw==

normalize-path@^3.0.0, normalize-path@~3.0.0:
  version "3.0.0"
  resolved "https://registry.yarnpkg.com/normalize-path/-/normalize-path-3.0.0.tgz#0dcd69ff23a1c9b11fd0978316644a0388216a65"
  integrity sha512-6eZs5Ls3WtCisHWp9S2GUy8dqkpGi4BVSz3GaqiE6ezub0512ESztXUwUB6C6IKbQkY2Pnb/mD4WYojCRwcwLA==

normalize-range@^0.1.2:
  version "0.1.2"
  resolved "https://registry.yarnpkg.com/normalize-range/-/normalize-range-0.1.2.tgz#2d10c06bdfd312ea9777695a4d28439456b75942"
  integrity sha512-bdok/XvKII3nUpklnV6P2hxtMNrCboOjAcyBuQnWEhO665FwrSNRxU+AqpsyvO6LgGYPspN+lu5CLtw4jPRKNA==

path-type@^5.0.0:
  version "5.0.0"
  resolved "https://registry.yarnpkg.com/path-type/-/path-type-5.0.0.tgz#14b01ed7aea7ddf9c7c3f46181d4d04f9c785bb8"
  integrity sha512-5HviZNaZcfqP95rwpv+1HDgUamezbqdSYTyzjTvwtJSnIH+3vnbmWsItli8OFEndS984VT55M3jduxZbX351gg==

picocolors@^0.2.1:
  version "0.2.1"
  resolved "https://registry.yarnpkg.com/picocolors/-/picocolors-0.2.1.tgz#570670f793646851d1ba135996962abad587859f"
  integrity sha512-cMlDqaLEqfSaW8Z7N5Jw+lyIW869EzT73/F5lhtY9cLGoVxSXznfgfXMO0Z5K0o0Q2TkTXq+0KFsdnSe3jDViA==

picocolors@^1.0.0:
  version "1.0.0"
  resolved "https://registry.yarnpkg.com/picocolors/-/picocolors-1.0.0.tgz#cb5bdc74ff3f51892236eaf79d68bc44564ab81c"
  integrity sha512-1fygroTLlHu66zi26VoTDv8yRgm0Fccecssto+MhsZ0D/DGW2sm8E8AjW7NU5VVTRt5GxbeZ5qBuJr+HyLYkjQ==

picocolors@^1.0.1:
  version "1.0.1"
  resolved "https://registry.yarnpkg.com/picocolors/-/picocolors-1.0.1.tgz#a8ad579b571952f0e5d25892de5445bcfe25aaa1"
  integrity sha512-anP1Z8qwhkbmu7MFP5iTt+wQKXgwzf7zTyGlcdzabySa9vd0Xt392U0rVmz9poOaBj0uHJKyyo9/upk0HrEQew==

picocolors@^1.1.0:
  version "1.1.0"
  resolved "https://registry.yarnpkg.com/picocolors/-/picocolors-1.1.0.tgz#5358b76a78cde483ba5cef6a9dc9671440b27d59"
  integrity sha512-TQ92mBOW0l3LeMeyLV6mzy/kWr8lkd/hp3mTg7wYK7zJhuBStmGMBG0BdeDZS/dZx1IukaX6Bk11zcln25o1Aw==

picocolors@^1.1.1:
  version "1.1.1"
  resolved "https://registry.yarnpkg.com/picocolors/-/picocolors-1.1.1.tgz#3d321af3eab939b083c8f929a1d12cda81c26b6b"
  integrity sha512-xceH2snhtb5M9liqDsmEw56le376mTZkEX/jEb/RxNFyegNul7eNslCXP9FDj/Lcu0X8KEyMceP2ntpaHrDEVA==

picomatch@^2.0.4, picomatch@^2.2.1, picomatch@^2.3.1:
  version "2.3.1"
  resolved "https://registry.yarnpkg.com/picomatch/-/picomatch-2.3.1.tgz#3ba3833733646d9d3e4995946c1365a67fb07a42"
  integrity sha512-JU3teHTNjmE2VCGFzuY8EXzCDVwEqB2a8fsIvwaStHhAWJEeVd1o1QD80CU6+ZdEXXSLbSsuLwJjkCBWqRQUVA==

pify@^2.3.0:
  version "2.3.0"
  resolved "https://registry.yarnpkg.com/pify/-/pify-2.3.0.tgz#ed141a6ac043a849ea588498e7dca8b15330e90c"
  integrity sha512-udgsAY+fTnvv7kI7aaxbqwWNb0AHiB0qBO89PZKPkoTmGOgdbrHDKD+0B2X4uTfJ/FT1R09r9gTsjUjNJotuog==

postcss-browser-comments@^6.0.1:
  version "6.0.1"
  resolved "https://registry.yarnpkg.com/postcss-browser-comments/-/postcss-browser-comments-6.0.1.tgz#1a2735c734c3fe2bdcf723e49df8864ac90ed195"
  integrity sha512-VE5mVLOW+L31a+Eyi7i5j7PmzOydObKLA9VwGBpTZy2OYB3XY1E7/xHxv4tURtEI/qb5h2TyyGHPhZ31sXOEXg==

postcss-cli@11.0.0:
  version "11.0.0"
  resolved "https://registry.yarnpkg.com/postcss-cli/-/postcss-cli-11.0.0.tgz#649f4b9af447501feb6cbca7f7505a132f90442b"
  integrity sha512-xMITAI7M0u1yolVcXJ9XTZiO9aO49mcoKQy6pCDFdMh9kGqhzLVpWxeD/32M/QBmkhcGypZFFOLNLmIW4Pg4RA==
  dependencies:
    chokidar "^3.3.0"
    dependency-graph "^0.11.0"
    fs-extra "^11.0.0"
    get-stdin "^9.0.0"
    globby "^14.0.0"
    picocolors "^1.0.0"
    postcss-load-config "^5.0.0"
    postcss-reporter "^7.0.0"
    pretty-hrtime "^1.0.3"
    read-cache "^1.0.0"
    slash "^5.0.0"
    yargs "^17.0.0"

postcss-flexbugs-fixes@5.0.2:
  version "5.0.2"
  resolved "https://registry.yarnpkg.com/postcss-flexbugs-fixes/-/postcss-flexbugs-fixes-5.0.2.tgz#2028e145313074fc9abe276cb7ca14e5401eb49d"
  integrity sha512-18f9voByak7bTktR2QgDveglpn9DTbBWPUzSOe9g0N4WR/2eSt6Vrcbf0hmspvMI6YWGywz6B9f7jzpFNJJgnQ==

postcss-load-config@^5.0.0:
  version "5.0.2"
  resolved "https://registry.yarnpkg.com/postcss-load-config/-/postcss-load-config-5.0.2.tgz#3d4261d616428e3d6e41c8236c3e456c0f49266f"
  integrity sha512-Q8QR3FYbqOKa0bnC1UQ2bFq9/ulHX5Bi34muzitMr8aDtUelO5xKeJEYC/5smE0jNE9zdB/NBnOwXKexELbRlw==
  dependencies:
    lilconfig "^3.0.0"
    yaml "^2.3.4"

postcss-normalize@13.0.1:
  version "13.0.1"
  resolved "https://registry.yarnpkg.com/postcss-normalize/-/postcss-normalize-13.0.1.tgz#4e367c8933caba83557c6150af5aa4774b2a1c99"
  integrity sha512-oGfXG7IQ44FUIMFco2N2Uz71UotM+tZ9trEmT1bHIUR5gAplyG3RnHqpMDEcCx1r+1bwBJTrI5uhiQr4YOpqhQ==
  dependencies:
    "@csstools/normalize.css" "12.1.1"
    postcss-browser-comments "^6.0.1"
    sanitize.css "13.0.0"

postcss-reporter@^7.0.0:
  version "7.0.5"
  resolved "https://registry.yarnpkg.com/postcss-reporter/-/postcss-reporter-7.0.5.tgz#e55bd0fdf8d17e4f25fb55e9143fcd79349a2ceb"
  integrity sha512-glWg7VZBilooZGOFPhN9msJ3FQs19Hie7l5a/eE6WglzYqVeH3ong3ShFcp9kDWJT1g2Y/wd59cocf9XxBtkWA==
  dependencies:
    picocolors "^1.0.0"
    thenby "^1.3.4"

postcss-utilities@0.8.4:
  version "0.8.4"
  resolved "https://registry.yarnpkg.com/postcss-utilities/-/postcss-utilities-0.8.4.tgz#1587c77a33b003137db2a900f72808665c4677a0"
  integrity sha512-Ut4cEjuCMvxd7sA+QWNppLjKcfFUbIT41NsNBfitE/2QX1eMZs5G4HskNxW2L4JE6HhWad91aWVWKKYTZVWx6g==
  dependencies:
    postcss "^7.0.17"
    postcss-value-parser "^4.0.0"

postcss-value-parser@^4.0.0, postcss-value-parser@^4.2.0:
  version "4.2.0"
  resolved "https://registry.yarnpkg.com/postcss-value-parser/-/postcss-value-parser-4.2.0.tgz#723c09920836ba6d3e5af019f92bc0971c02e514"
  integrity sha512-1NNCs6uurfkVbeXG4S8JFT9t19m45ICnif8zWLd5oPSZ50QnwMfK+H3jv408d4jw/7Bttv5axS5IiHoLaVNHeQ==

postcss@8.4.49:
  version "8.4.49"
  resolved "https://registry.yarnpkg.com/postcss/-/postcss-8.4.49.tgz#4ea479048ab059ab3ae61d082190fabfd994fe19"
  integrity sha512-OCVPnIObs4N29kxTjzLfUryOkvZEq+pf8jTF0lg8E7uETuWHA+v7j3c/xJmiqpX450191LlmZfUKkXxkTry7nA==
  dependencies:
    nanoid "^3.3.7"
    picocolors "^1.1.1"
    source-map-js "^1.2.1"

postcss@^7.0.17:
  version "7.0.39"
  resolved "https://registry.yarnpkg.com/postcss/-/postcss-7.0.39.tgz#9624375d965630e2e1f2c02a935c82a59cb48309"
  integrity sha512-yioayjNbHn6z1/Bywyb2Y4s3yvDAeXGOyxqD+LnVOinq6Mdmd++SW2wUNVzavyyHxd6+DxzWGIuosg6P1Rj8uA==
  dependencies:
    picocolors "^0.2.1"
    source-map "^0.6.1"

pretty-hrtime@^1.0.3:
  version "1.0.3"
  resolved "https://registry.yarnpkg.com/pretty-hrtime/-/pretty-hrtime-1.0.3.tgz#b7e3ea42435a4c9b2759d99e0f201eb195802ee1"
  integrity sha512-66hKPCr+72mlfiSjlEB1+45IjXSqvVAIy6mocupoww4tBFE9R9IhwwUGoI4G++Tc9Aq+2rxOt0RFU6gPcrte0A==

queue-microtask@^1.2.2:
  version "1.2.3"
  resolved "https://registry.yarnpkg.com/queue-microtask/-/queue-microtask-1.2.3.tgz#4929228bbc724dfac43e0efb058caf7b6cfb6243"
  integrity sha512-NuaNSa6flKT5JaSYQzJok04JzTL1CA6aGhv5rfLW3PgqA+M2ChpZQnAC8h8i4ZFkBS8X5RqkDBHA7r4hej3K9A==

read-cache@^1.0.0:
  version "1.0.0"
  resolved "https://registry.yarnpkg.com/read-cache/-/read-cache-1.0.0.tgz#e664ef31161166c9751cdbe8dbcf86b5fb58f774"
  integrity sha512-Owdv/Ft7IjOgm/i0xvNDZ1LrRANRfew4b2prF3OWMQLxLfu3bS8FVhCsrSCMK4lR56Y9ya+AThoTpDCTxCmpRA==
  dependencies:
    pify "^2.3.0"

readdirp@^4.0.1:
  version "4.0.1"
  resolved "https://registry.yarnpkg.com/readdirp/-/readdirp-4.0.1.tgz#b2fe35f8dca63183cd3b86883ecc8f720ea96ae6"
  integrity sha512-GkMg9uOTpIWWKbSsgwb5fA4EavTR+SG/PMPoAY8hkhHfEEY0/vqljY+XHqtDf2cr2IJtoNRDbrrEpZUiZCkYRw==

readdirp@~3.6.0:
  version "3.6.0"
  resolved "https://registry.yarnpkg.com/readdirp/-/readdirp-3.6.0.tgz#74a370bd857116e245b29cc97340cd431a02a6c7"
  integrity sha512-hOS089on8RduqdbhvQ5Z37A0ESjsqz6qnRcffsMU3495FuTdqSm+7bhJ29JvIOsBDEEnan5DPu9t3To9VRlMzA==
  dependencies:
    picomatch "^2.2.1"

require-directory@^2.1.1:
  version "2.1.1"
  resolved "https://registry.yarnpkg.com/require-directory/-/require-directory-2.1.1.tgz#8c64ad5fd30dab1c976e2344ffe7f792a6a6df42"
  integrity sha512-fGxEI7+wsG9xrvdjsrlmL22OMTTiHRwAMroiEeMgq8gzoLC/PQr7RsRDSTLUg/bZAZtF+TVIkHc6/4RIKrui+Q==

reusify@^1.0.4:
  version "1.0.4"
  resolved "https://registry.yarnpkg.com/reusify/-/reusify-1.0.4.tgz#90da382b1e126efc02146e90845a88db12925d76"
  integrity sha512-U9nH88a3fc/ekCF1l0/UP1IosiuIjyTh7hBvXVMHYgVcfGvt897Xguj2UOLDeI5BG2m7/uwyaLVT6fbtCwTyzw==

run-parallel@^1.1.9:
  version "1.2.0"
  resolved "https://registry.yarnpkg.com/run-parallel/-/run-parallel-1.2.0.tgz#66d1368da7bdf921eb9d95bd1a9229e7f21a43ee"
  integrity sha512-5l4VyZR86LZ/lDxZTR6jqL8AFE2S0IFLMP26AbjsLVADxHdhB/c0GUsH+y39UfCi3dzz8OlQuPmnaJOMoDHQBA==
  dependencies:
    queue-microtask "^1.2.2"

sanitize.css@13.0.0:
  version "13.0.0"
  resolved "https://registry.yarnpkg.com/sanitize.css/-/sanitize.css-13.0.0.tgz#2675553974b27964c75562ade3bd85d79879f173"
  integrity sha512-ZRwKbh/eQ6w9vmTjkuG0Ioi3HBwPFce0O+v//ve+aOq1oeCy7jMV2qzzAlpsNuqpqCBjjriM1lbtZbF/Q8jVyA==

sass@1.83.0:
  version "1.83.0"
  resolved "https://registry.yarnpkg.com/sass/-/sass-1.83.0.tgz#e36842c0b88a94ed336fd16249b878a0541d536f"
  integrity sha512-qsSxlayzoOjdvXMVLkzF84DJFc2HZEL/rFyGIKbbilYtAvlCxyuzUeff9LawTn4btVnLKg75Z8MMr1lxU1lfGw==
  dependencies:
    chokidar "^4.0.0"
    immutable "^5.0.2"
    source-map-js ">=0.6.2 <2.0.0"
  optionalDependencies:
    "@parcel/watcher" "^2.4.1"

slash@^5.0.0:
  version "5.0.0"
  resolved "https://registry.yarnpkg.com/slash/-/slash-5.0.0.tgz#8c18a871096b71ee0e002976a4fe3374991c3074"
  integrity sha512-n6KkmvKS0623igEVj3FF0OZs1gYYJ0o0Hj939yc1fyxl2xt+xYpLnzJB6xBSqOfV9ZFLEWodBBN/heZJahuIJQ==

slash@^5.1.0:
  version "5.1.0"
  resolved "https://registry.yarnpkg.com/slash/-/slash-5.1.0.tgz#be3adddcdf09ac38eebe8dcdc7b1a57a75b095ce"
  integrity sha512-ZA6oR3T/pEyuqwMgAKT0/hAv8oAXckzbkmR0UkUosQ+Mc4RxGoJkRmwHgHufaenlyAgE1Mxgpdcrf75y6XcnDg==

"source-map-js@>=0.6.2 <2.0.0":
  version "1.0.2"
  resolved "https://registry.yarnpkg.com/source-map-js/-/source-map-js-1.0.2.tgz#adbc361d9c62df380125e7f161f71c826f1e490c"
  integrity sha512-R0XvVJ9WusLiqTCEiGCmICCMplcCkIwwR11mOSD9CR5u+IXYdiseeEuXCVAjS54zqwkLcPNnmU4OeJ6tUrWhDw==

source-map-js@^1.2.1:
  version "1.2.1"
  resolved "https://registry.yarnpkg.com/source-map-js/-/source-map-js-1.2.1.tgz#1ce5650fddd87abc099eda37dcff024c2667ae46"
  integrity sha512-UXWMKhLOwVKb728IUtQPXxfYU+usdybtUrK/8uGE8CQMvrhOpwvzDBwj0QhSL7MQc7vIsISBG8VQ8+IDQxpfQA==

source-map@^0.6.1:
  version "0.6.1"
  resolved "https://registry.yarnpkg.com/source-map/-/source-map-0.6.1.tgz#74722af32e9614e9c287a8d0bbde48b5e2f1a263"
  integrity sha512-UjgapumWlbMhkBgzT7Ykc5YXUT46F0iKu8SGXq0bcwP5dz/h0Plj6enJqjz1Zbq2l5WaqYnrVbwWOWMyF3F47g==

string-width@^4.1.0, string-width@^4.2.0, string-width@^4.2.3:
  version "4.2.3"
  resolved "https://registry.yarnpkg.com/string-width/-/string-width-4.2.3.tgz#269c7117d27b05ad2e536830a8ec895ef9c6d010"
  integrity sha512-wKyQRQpjJ0sIp62ErSZdGsjMJWsap5oRNihHhu6G7JVO/9jIB6UyevL+tXuOqrng8j/cxKTWyWUwvSTriiZz/g==
  dependencies:
    emoji-regex "^8.0.0"
    is-fullwidth-code-point "^3.0.0"
    strip-ansi "^6.0.1"

strip-ansi@^6.0.0, strip-ansi@^6.0.1:
  version "6.0.1"
  resolved "https://registry.yarnpkg.com/strip-ansi/-/strip-ansi-6.0.1.tgz#9e26c63d30f53443e9489495b2105d37b67a85d9"
  integrity sha512-Y38VPSHcqkFrCpFnQ9vuSXmquuv5oXOKpGeT6aGrr3o3Gc9AlVa6JBfUSOCnbxGGZF+/0ooI7KrPuUSztUdU5A==
  dependencies:
    ansi-regex "^5.0.1"

thenby@^1.3.4:
  version "1.3.4"
  resolved "https://registry.yarnpkg.com/thenby/-/thenby-1.3.4.tgz#81581f6e1bb324c6dedeae9bfc28e59b1a2201cc"
  integrity sha512-89Gi5raiWA3QZ4b2ePcEwswC3me9JIg+ToSgtE0JWeCynLnLxNr/f9G+xfo9K+Oj4AFdom8YNJjibIARTJmapQ==

to-regex-range@^5.0.1:
  version "5.0.1"
  resolved "https://registry.yarnpkg.com/to-regex-range/-/to-regex-range-5.0.1.tgz#1648c44aae7c8d988a326018ed72f5b4dd0392e4"
  integrity sha512-65P7iz6X5yEr1cwcgvQxbbIw7Uk3gOy5dIdtZ4rDveLqhrdJP+Li/Hx6tyK0NEb+2GCyneCMJiGqrADCSNk8sQ==
  dependencies:
    is-number "^7.0.0"

unicorn-magic@^0.1.0:
  version "0.1.0"
  resolved "https://registry.yarnpkg.com/unicorn-magic/-/unicorn-magic-0.1.0.tgz#1bb9a51c823aaf9d73a8bfcd3d1a23dde94b0ce4"
  integrity sha512-lRfVq8fE8gz6QMBuDM6a+LO3IAzTi05H6gCVaUpir2E1Rwpo4ZUog45KpNXKC/Mn3Yb9UDuHumeFTo9iV/D9FQ==

universalify@^2.0.0:
  version "2.0.0"
  resolved "https://registry.yarnpkg.com/universalify/-/universalify-2.0.0.tgz#75a4984efedc4b08975c5aeb73f530d02df25717"
  integrity sha512-hAZsKq7Yy11Zu1DE0OzWjw7nnLZmJZYTDZZyEFHZdUhV8FkH5MCfoU1XMaxXovpyW5nq5scPqq0ZDP9Zyl04oQ==

update-browserslist-db@^1.1.0:
  version "1.1.0"
  resolved "https://registry.yarnpkg.com/update-browserslist-db/-/update-browserslist-db-1.1.0.tgz#7ca61c0d8650766090728046e416a8cde682859e"
  integrity sha512-EdRAaAyk2cUE1wOf2DkEhzxqOQvFOoRJFNS6NeyJ01Gp2beMRpBAINjM2iDXE3KCuKhwnvHIQCJm6ThL2Z+HzQ==
  dependencies:
    escalade "^3.1.2"
    picocolors "^1.0.1"

update-browserslist-db@^1.1.1:
  version "1.1.1"
  resolved "https://registry.yarnpkg.com/update-browserslist-db/-/update-browserslist-db-1.1.1.tgz#80846fba1d79e82547fb661f8d141e0945755fe5"
  integrity sha512-R8UzCaa9Az+38REPiJ1tXlImTJXlVfgHZsglwBD/k6nj76ctsH1E3q4doGrukiLQd3sGQYu56r5+lo5r94l29A==
  dependencies:
    escalade "^3.2.0"
    picocolors "^1.1.0"

wrap-ansi@^7.0.0:
  version "7.0.0"
  resolved "https://registry.yarnpkg.com/wrap-ansi/-/wrap-ansi-7.0.0.tgz#67e145cff510a6a6984bdf1152911d69d2eb9e43"
  integrity sha512-YVGIj2kamLSTxw6NsZjoBxfSwsn0ycdesmc4p+Q21c5zPuZ1pl+NfxVdxPtdHvmNVOQ6XSYG4AUtyt/Fi7D16Q==
  dependencies:
    ansi-styles "^4.0.0"
    string-width "^4.1.0"
    strip-ansi "^6.0.0"

y18n@^5.0.5:
  version "5.0.8"
  resolved "https://registry.yarnpkg.com/y18n/-/y18n-5.0.8.tgz#7f4934d0f7ca8c56f95314939ddcd2dd91ce1d55"
  integrity sha512-0pfFzegeDWJHJIAmTLRP2DwHjdF5s7jo9tuztdQxAhINCdvS+3nGINqPd00AphqJR/0LhANUS6/+7SCb98YOfA==

yaml@^2.3.4:
  version "2.3.4"
  resolved "https://registry.yarnpkg.com/yaml/-/yaml-2.3.4.tgz#53fc1d514be80aabf386dc6001eb29bf3b7523b2"
  integrity sha512-8aAvwVUSHpfEqTQ4w/KMlf3HcRdt50E5ODIQJBw1fQ5RL34xabzxtUlzTXVqc4rkZsPbvrXKWnABCD7kWSmocA==

yargs-parser@^21.0.0:
  version "21.1.1"
  resolved "https://registry.yarnpkg.com/yargs-parser/-/yargs-parser-21.1.1.tgz#9096bceebf990d21bb31fa9516e0ede294a77d35"
  integrity sha512-tVpsJW7DdjecAiFpbIB1e3qxIQsE6NoPc5/eTdrbbIC4h0LVsWhnoa3g+m2HclBIujHzsxZ4VJVA+GUuc2/LBw==

yargs@^17.0.0:
  version "17.5.1"
  resolved "https://registry.yarnpkg.com/yargs/-/yargs-17.5.1.tgz#e109900cab6fcb7fd44b1d8249166feb0b36e58e"
  integrity sha512-t6YAJcxDkNX7NFYiVtKvWUz8l+PaKTLiL63mJYWR2GnHq2gjEWISzsLp9wg3aY36dY1j+gfIEL3pIF+XlJJfbA==
  dependencies:
    cliui "^7.0.2"
    escalade "^3.1.1"
    get-caller-file "^2.0.5"
    require-directory "^2.1.1"
    string-width "^4.2.3"
    y18n "^5.0.5"
    yargs-parser "^21.0.0"
